
Microsoft Visual Studio Solution File, Format Version 12.00
# Visual Studio Version 16
VisualStudioVersion = 16.0.29418.71
MinimumVisualStudioVersion = 10.0.40219.1
Project("{FAE04EC0-301F-11D3-BF4B-00C04F79EFBC}") = "PresentationLayer", "PresentationLayer\PresentationLayer.csproj", "{A49B37AA-9CC5-4923-BA6D-638ADED976F2}"
EndProject
Project("{FAE04EC0-301F-11D3-BF4B-00C04F79EFBC}") = "LogicLayer", "LogicLayer\LogicLayer.csproj", "{B947EDFF-76DA-44C5-A5EE-69742B275E1C}"
EndProject
Project("{FAE04EC0-301F-11D3-BF4B-00C04F79EFBC}") = "DataAccessLayer", "DataAccessLayer\DataAccessLayer.csproj", "{E4F20C96-AB33-4E81-A354-C73CA06ADA03}"
EndProject
Project("{FAE04EC0-301F-11D3-BF4B-00C04F79EFBC}") = "DataObjects", "DataObjects\DataObjects.csproj", "{08776063-F616-479B-A984-AC69D84CAAEC}"
EndProject
Global
	GlobalSection(SolutionConfigurationPlatforms) = preSolution
		Debug|Any CPU = Debug|Any CPU
		Release|Any CPU = Release|Any CPU
	EndGlobalSection
	GlobalSection(ProjectConfigurationPlatforms) = postSolution
		{A49B37AA-9CC5-4923-BA6D-638ADED976F2}.Debug|Any CPU.ActiveCfg = Debug|Any CPU
		{A49B37AA-9CC5-4923-BA6D-638ADED976F2}.Debug|Any CPU.Build.0 = Debug|Any CPU
		{A49B37AA-9CC5-4923-BA6D-638ADED976F2}.Release|Any CPU.ActiveCfg = Release|Any CPU
		{A49B37AA-9CC5-4923-BA6D-638ADED976F2}.Release|Any CPU.Build.0 = Release|Any CPU
		{B947EDFF-76DA-44C5-A5EE-69742B275E1C}.Debug|Any CPU.ActiveCfg = Debug|Any CPU
		{B947EDFF-76DA-44C5-A5EE-69742B275E1C}.Debug|Any CPU.Build.0 = Debug|Any CPU
		{B947EDFF-76DA-44C5-A5EE-69742B275E1C}.Release|Any CPU.ActiveCfg = Release|Any CPU
		{B947EDFF-76DA-44C5-A5EE-69742B275E1C}.Release|Any CPU.Build.0 = Release|Any CPU
		{E4F20C96-AB33-4E81-A354-C73CA06ADA03}.Debug|Any CPU.ActiveCfg = Debug|Any CPU
		{E4F20C96-AB33-4E81-A354-C73CA06ADA03}.Debug|Any CPU.Build.0 = Debug|Any CPU
		{E4F20C96-AB33-4E81-A354-C73CA06ADA03}.Release|Any CPU.ActiveCfg = Release|Any CPU
		{E4F20C96-AB33-4E81-A354-C73CA06ADA03}.Release|Any CPU.Build.0 = Release|Any CPU
		{08776063-F616-479B-A984-AC69D84CAAEC}.Debug|Any CPU.ActiveCfg = Debug|Any CPU
		{08776063-F616-479B-A984-AC69D84CAAEC}.Debug|Any CPU.Build.0 = Debug|Any CPU
		{08776063-F616-479B-A984-AC69D84CAAEC}.Release|Any CPU.ActiveCfg = Release|Any CPU
		{08776063-F616-479B-A984-AC69D84CAAEC}.Release|Any CPU.Build.0 = Release|Any CPU
	EndGlobalSection
	GlobalSection(SolutionProperties) = preSolution
		HideSolutionNode = FALSE
	EndGlobalSection
	GlobalSection(ExtensibilityGlobals) = postSolution
		SolutionGuid = {2F83D87F-08B9-4853-96A8-DD7080E8186F}
	EndGlobalSection
EndGlobal
